
Microsoft Visual Studio Solution File, Format Version 12.00
# Visual Studio Version 17
VisualStudioVersion = 17.7.34018.315
MinimumVisualStudioVersion = 10.0.40219.1
Project("{FAE04EC0-301F-11D3-BF4B-00C04F79EFBC}") = "GenerarPDF.Android", "GenerarPDF\GenerarPDF.Android\GenerarPDF.Android.csproj", "{3FBC8874-B636-4C5F-B01F-C9EFA6085591}"
EndProject
Project("{9A19103F-16F7-4668-BE54-9A1E7A4F7556}") = "GenerarPDF", "GenerarPDF\GenerarPDF\GenerarPDF.csproj", "{F7CF09C7-5609-40C6-9346-E63F96C5273E}"
EndProject
Global
	GlobalSection(SolutionConfigurationPlatforms) = preSolution
		Debug|Any CPU = Debug|Any CPU
		Release|Any CPU = Release|Any CPU
	EndGlobalSection
	GlobalSection(ProjectConfigurationPlatforms) = postSolution
		{3FBC8874-B636-4C5F-B01F-C9EFA6085591}.Debug|Any CPU.ActiveCfg = Debug|Any CPU
		{3FBC8874-B636-4C5F-B01F-C9EFA6085591}.Debug|Any CPU.Build.0 = Debug|Any CPU
		{3FBC8874-B636-4C5F-B01F-C9EFA6085591}.Debug|Any CPU.Deploy.0 = Debug|Any CPU
		{3FBC8874-B636-4C5F-B01F-C9EFA6085591}.Release|Any CPU.ActiveCfg = Release|Any CPU
		{3FBC8874-B636-4C5F-B01F-C9EFA6085591}.Release|Any CPU.Build.0 = Release|Any CPU
		{3FBC8874-B636-4C5F-B01F-C9EFA6085591}.Release|Any CPU.Deploy.0 = Release|Any CPU
		{F7CF09C7-5609-40C6-9346-E63F96C5273E}.Debug|Any CPU.ActiveCfg = Debug|Any CPU
		{F7CF09C7-5609-40C6-9346-E63F96C5273E}.Debug|Any CPU.Build.0 = Debug|Any CPU
		{F7CF09C7-5609-40C6-9346-E63F96C5273E}.Debug|Any CPU.Deploy.0 = Debug|Any CPU
		{F7CF09C7-5609-40C6-9346-E63F96C5273E}.Release|Any CPU.ActiveCfg = Release|Any CPU
		{F7CF09C7-5609-40C6-9346-E63F96C5273E}.Release|Any CPU.Build.0 = Release|Any CPU
		{F7CF09C7-5609-40C6-9346-E63F96C5273E}.Release|Any CPU.Deploy.0 = Release|Any CPU
	EndGlobalSection
	GlobalSection(SolutionProperties) = preSolution
		HideSolutionNode = FALSE
	EndGlobalSection
	GlobalSection(ExtensibilityGlobals) = postSolution
		SolutionGuid = {69E514C8-27D1-4F2E-9EF3-92D1957C1161}
	EndGlobalSection
EndGlobal
